
Microsoft Visual Studio Solution File, Format Version 12.00
# Visual Studio Version 17
VisualStudioVersion = 17.7.34024.191
MinimumVisualStudioVersion = 10.0.40219.1
Project("{FAE04EC0-301F-11D3-BF4B-00C04F79EFBC}") = "object oriented design", "object oriented design\object oriented design.csproj", "{78E4900D-AB53-44CA-BB81-9922B6B5BB5E}"
EndProject
Global
	GlobalSection(SolutionConfigurationPlatforms) = preSolution
		Debug|Any CPU = Debug|Any CPU
		Release|Any CPU = Release|Any CPU
	EndGlobalSection
	GlobalSection(ProjectConfigurationPlatforms) = postSolution
		{78E4900D-AB53-44CA-BB81-9922B6B5BB5E}.Debug|Any CPU.ActiveCfg = Debug|Any CPU
		{78E4900D-AB53-44CA-BB81-9922B6B5BB5E}.Debug|Any CPU.Build.0 = Debug|Any CPU
		{78E4900D-AB53-44CA-BB81-9922B6B5BB5E}.Release|Any CPU.ActiveCfg = Release|Any CPU
		{78E4900D-AB53-44CA-BB81-9922B6B5BB5E}.Release|Any CPU.Build.0 = Release|Any CPU
	EndGlobalSection
	GlobalSection(SolutionProperties) = preSolution
		HideSolutionNode = FALSE
	EndGlobalSection
	GlobalSection(ExtensibilityGlobals) = postSolution
		SolutionGuid = {631ADE8A-2319-4D04-BC5C-A1E1EDED625F}
	EndGlobalSection
EndGlobal
